// !$*UTF8*$!
{
	archiveVersion = 1;
	classes = {
	};
	objectVersion = 50;
	objects = {

/* Begin PBXBuildFile section */
		8C9E8F3B213F2C090069A068 /* AppDelegate.swift in Sources */ = {isa = PBXBuildFile; fileRef = 8C9E8F3A213F2C090069A068 /* AppDelegate.swift */; };
		8C9E8F3D213F2C090069A068 /* ViewController.swift in Sources */ = {isa = PBXBuildFile; fileRef = 8C9E8F3C213F2C090069A068 /* ViewController.swift */; };
		8C9E8F40213F2C090069A068 /* Main.storyboard in Resources */ = {isa = PBXBuildFile; fileRef = 8C9E8F3E213F2C090069A068 /* Main.storyboard */; };
		8C9E8F42213F2C0B0069A068 /* Assets.xcassets in Resources */ = {isa = PBXBuildFile; fileRef = 8C9E8F41213F2C0B0069A068 /* Assets.xcassets */; };
		8C9E8F45213F2C0B0069A068 /* LaunchScreen.storyboard in Resources */ = {isa = PBXBuildFile; fileRef = 8C9E8F43213F2C0B0069A068 /* LaunchScreen.storyboard */; };
		8C9E8F57213F2C510069A068 /* hacking-with-watchos.pdf in Resources */ = {isa = PBXBuildFile; fileRef = 8C9E8F4C213F2C4E0069A068 /* hacking-with-watchos.pdf */; };
		8C9E8F58213F2C510069A068 /* server-side-swift.pdf in Resources */ = {isa = PBXBuildFile; fileRef = 8C9E8F4D213F2C4F0069A068 /* server-side-swift.pdf */; };
		8C9E8F59213F2C510069A068 /* practical-ios-10.pdf in Resources */ = {isa = PBXBuildFile; fileRef = 8C9E8F4E213F2C4F0069A068 /* practical-ios-10.pdf */; };
		8C9E8F5A213F2C510069A068 /* hacking-with-tvos.pdf in Resources */ = {isa = PBXBuildFile; fileRef = 8C9E8F4F213F2C4F0069A068 /* hacking-with-tvos.pdf */; };
		8C9E8F5B213F2C510069A068 /* pro-swift.pdf in Resources */ = {isa = PBXBuildFile; fileRef = 8C9E8F50213F2C4F0069A068 /* pro-swift.pdf */; };
		8C9E8F5C213F2C510069A068 /* swift-coding-challenges.pdf in Resources */ = {isa = PBXBuildFile; fileRef = 8C9E8F51213F2C500069A068 /* swift-coding-challenges.pdf */; };
		8C9E8F5D213F2C510069A068 /* beyond-code.pdf in Resources */ = {isa = PBXBuildFile; fileRef = 8C9E8F52213F2C500069A068 /* beyond-code.pdf */; };
		8C9E8F5E213F2C510069A068 /* hacking-with-macos.pdf in Resources */ = {isa = PBXBuildFile; fileRef = 8C9E8F53213F2C500069A068 /* hacking-with-macos.pdf */; };
		8C9E8F5F213F2C510069A068 /* practical-ios-11.pdf in Resources */ = {isa = PBXBuildFile; fileRef = 8C9E8F54213F2C500069A068 /* practical-ios-11.pdf */; };
		8C9E8F60213F2C510069A068 /* hacking-with-swift.pdf in Resources */ = {isa = PBXBuildFile; fileRef = 8C9E8F55213F2C500069A068 /* hacking-with-swift.pdf */; };
		8C9E8F61213F2C510069A068 /* objective-c-for-swift-developers.pdf in Resources */ = {isa = PBXBuildFile; fileRef = 8C9E8F56213F2C510069A068 /* objective-c-for-swift-developers.pdf */; };
		8C9E8F63213F2CB10069A068 /* FilesViewController.swift in Sources */ = {isa = PBXBuildFile; fileRef = 8C9E8F62213F2CB10069A068 /* FilesViewController.swift */; };
		8C9E8F67214057390069A068 /* SampleWatermark.swift in Sources */ = {isa = PBXBuildFile; fileRef = 8C9E8F66214057390069A068 /* SampleWatermark.swift */; };
/* End PBXBuildFile section */

/* Begin PBXFileReference section */
		8C9E8F37213F2C090069A068 /* Project4.app */ = {isa = PBXFileReference; explicitFileType = wrapper.application; includeInIndex = 0; path = Project4.app; sourceTree = BUILT_PRODUCTS_DIR; };
		8C9E8F3A213F2C090069A068 /* AppDelegate.swift */ = {isa = PBXFileReference; lastKnownFileType = sourcecode.swift; path = AppDelegate.swift; sourceTree = "<group>"; };
		8C9E8F3C213F2C090069A068 /* ViewController.swift */ = {isa = PBXFileReference; lastKnownFileType = sourcecode.swift; path = ViewController.swift; sourceTree = "<group>"; };
		8C9E8F3F213F2C090069A068 /* Base */ = {isa = PBXFileReference; lastKnownFileType = file.storyboard; name = Base; path = Base.lproj/Main.storyboard; sourceTree = "<group>"; };
		8C9E8F41213F2C0B0069A068 /* Assets.xcassets */ = {isa = PBXFileReference; lastKnownFileType = folder.assetcatalog; path = Assets.xcassets; sourceTree = "<group>"; };
		8C9E8F44213F2C0B0069A068 /* Base */ = {isa = PBXFileReference; lastKnownFileType = file.storyboard; name = Base; path = Base.lproj/LaunchScreen.storyboard; sourceTree = "<group>"; };
		8C9E8F46213F2C0B0069A068 /* Info.plist */ = {isa = PBXFileReference; lastKnownFileType = text.plist.xml; path = Info.plist; sourceTree = "<group>"; };
		8C9E8F4C213F2C4E0069A068 /* hacking-with-watchos.pdf */ = {isa = PBXFileReference; lastKnownFileType = image.pdf; path = "hacking-with-watchos.pdf"; sourceTree = "<group>"; };
		8C9E8F4D213F2C4F0069A068 /* server-side-swift.pdf */ = {isa = PBXFileReference; lastKnownFileType = image.pdf; path = "server-side-swift.pdf"; sourceTree = "<group>"; };
		8C9E8F4E213F2C4F0069A068 /* practical-ios-10.pdf */ = {isa = PBXFileReference; lastKnownFileType = image.pdf; path = "practical-ios-10.pdf"; sourceTree = "<group>"; };
		8C9E8F4F213F2C4F0069A068 /* hacking-with-tvos.pdf */ = {isa = PBXFileReference; lastKnownFileType = image.pdf; path = "hacking-with-tvos.pdf"; sourceTree = "<group>"; };
		8C9E8F50213F2C4F0069A068 /* pro-swift.pdf */ = {isa = PBXFileReference; lastKnownFileType = image.pdf; path = "pro-swift.pdf"; sourceTree = "<group>"; };
		8C9E8F51213F2C500069A068 /* swift-coding-challenges.pdf */ = {isa = PBXFileReference; lastKnownFileType = image.pdf; path = "swift-coding-challenges.pdf"; sourceTree = "<group>"; };
		8C9E8F52213F2C500069A068 /* beyond-code.pdf */ = {isa = PBXFileReference; lastKnownFileType = image.pdf; path = "beyond-code.pdf"; sourceTree = "<group>"; };
		8C9E8F53213F2C500069A068 /* hacking-with-macos.pdf */ = {isa = PBXFileReference; lastKnownFileType = image.pdf; path = "hacking-with-macos.pdf"; sourceTree = "<group>"; };
		8C9E8F54213F2C500069A068 /* practical-ios-11.pdf */ = {isa = PBXFileReference; lastKnownFileType = image.pdf; path = "practical-ios-11.pdf"; sourceTree = "<group>"; };
		8C9E8F55213F2C500069A068 /* hacking-with-swift.pdf */ = {isa = PBXFileReference; lastKnownFileType = image.pdf; path = "hacking-with-swift.pdf"; sourceTree = "<group>"; };
		8C9E8F56213F2C510069A068 /* objective-c-for-swift-developers.pdf */ = {isa = PBXFileReference; lastKnownFileType = image.pdf; path = "objective-c-for-swift-developers.pdf"; sourceTree = "<group>"; };
		8C9E8F62213F2CB10069A068 /* FilesViewController.swift */ = {isa = PBXFileReference; lastKnownFileType = sourcecode.swift; path = FilesViewController.swift; sourceTree = "<group>"; };
		8C9E8F66214057390069A068 /* SampleWatermark.swift */ = {isa = PBXFileReference; lastKnownFileType = sourcecode.swift; path = SampleWatermark.swift; sourceTree = "<group>"; };
/* End PBXFileReference section */

/* Begin PBXFrameworksBuildPhase section */
		8C9E8F34213F2C090069A068 /* Frameworks */ = {
			isa = PBXFrameworksBuildPhase;
			buildActionMask = 2147483647;
			files = (
			);
			runOnlyForDeploymentPostprocessing = 0;
		};
/* End PBXFrameworksBuildPhase section */

/* Begin PBXGroup section */
		8C9E8F2E213F2C090069A068 = {
			isa = PBXGroup;
			children = (
				8C9E8F39213F2C090069A068 /* Project4 */,
				8C9E8F38213F2C090069A068 /* Products */,
			);
			sourceTree = "<group>";
		};
		8C9E8F38213F2C090069A068 /* Products */ = {
			isa = PBXGroup;
			children = (
				8C9E8F37213F2C090069A068 /* Project4.app */,
			);
			name = Products;
			sourceTree = "<group>";
		};
		8C9E8F39213F2C090069A068 /* Project4 */ = {
			isa = PBXGroup;
			children = (
				8C9E8F3A213F2C090069A068 /* AppDelegate.swift */,
				8C9E8F3C213F2C090069A068 /* ViewController.swift */,
				8C9E8F66214057390069A068 /* SampleWatermark.swift */,
				8C9E8F62213F2CB10069A068 /* FilesViewController.swift */,
				8C9E8F3E213F2C090069A068 /* Main.storyboard */,
				8C9E8F41213F2C0B0069A068 /* Assets.xcassets */,
				8C9E8F43213F2C0B0069A068 /* LaunchScreen.storyboard */,
				8C9E8F65213F2D4D0069A068 /* PDFs */,
				8C9E8F46213F2C0B0069A068 /* Info.plist */,
			);
			path = Project4;
			sourceTree = "<group>";
		};
		8C9E8F65213F2D4D0069A068 /* PDFs */ = {
			isa = PBXGroup;
			children = (
				8C9E8F52213F2C500069A068 /* beyond-code.pdf */,
				8C9E8F53213F2C500069A068 /* hacking-with-macos.pdf */,
				8C9E8F55213F2C500069A068 /* hacking-with-swift.pdf */,
				8C9E8F4F213F2C4F0069A068 /* hacking-with-tvos.pdf */,
				8C9E8F4C213F2C4E0069A068 /* hacking-with-watchos.pdf */,
				8C9E8F56213F2C510069A068 /* objective-c-for-swift-developers.pdf */,
				8C9E8F4E213F2C4F0069A068 /* practical-ios-10.pdf */,
				8C9E8F54213F2C500069A068 /* practical-ios-11.pdf */,
				8C9E8F50213F2C4F0069A068 /* pro-swift.pdf */,
				8C9E8F4D213F2C4F0069A068 /* server-side-swift.pdf */,
				8C9E8F51213F2C500069A068 /* swift-coding-challenges.pdf */,
			);
			path = PDFs;
			sourceTree = "<group>";
		};
/* End PBXGroup section */

/* Begin PBXNativeTarget section */
		8C9E8F36213F2C090069A068 /* Project4 */ = {
			isa = PBXNativeTarget;
			buildConfigurationList = 8C9E8F49213F2C0B0069A068 /* Build configuration list for PBXNativeTarget "Project4" */;
			buildPhases = (
				8C9E8F33213F2C090069A068 /* Sources */,
				8C9E8F34213F2C090069A068 /* Frameworks */,
				8C9E8F35213F2C090069A068 /* Resources */,
			);
			buildRules = (
			);
			dependencies = (
			);
			name = Project4;
			productName = Project4;
			productReference = 8C9E8F37213F2C090069A068 /* Project4.app */;
			productType = "com.apple.product-type.application";
		};
/* End PBXNativeTarget section */

/* Begin PBXProject section */
		8C9E8F2F213F2C090069A068 /* Project object */ = {
			isa = PBXProject;
			attributes = {
				LastSwiftUpdateCheck = 0940;
				LastUpgradeCheck = 0940;
				ORGANIZATIONNAME = "Charles Martin Reed";
				TargetAttributes = {
					8C9E8F36213F2C090069A068 = {
						CreatedOnToolsVersion = 9.4.1;
					};
				};
			};
			buildConfigurationList = 8C9E8F32213F2C090069A068 /* Build configuration list for PBXProject "Project4" */;
			compatibilityVersion = "Xcode 9.3";
			developmentRegion = en;
			hasScannedForEncodings = 0;
			knownRegions = (
				en,
				Base,
			);
			mainGroup = 8C9E8F2E213F2C090069A068;
			productRefGroup = 8C9E8F38213F2C090069A068 /* Products */;
			projectDirPath = "";
			projectRoot = "";
			targets = (
				8C9E8F36213F2C090069A068 /* Project4 */,
			);
		};
/* End PBXProject section */

/* Begin PBXResourcesBuildPhase section */
		8C9E8F35213F2C090069A068 /* Resources */ = {
			isa = PBXResourcesBuildPhase;
			buildActionMask = 2147483647;
			files = (
				8C9E8F5D213F2C510069A068 /* beyond-code.pdf in Resources */,
				8C9E8F5B213F2C510069A068 /* pro-swift.pdf in Resources */,
				8C9E8F60213F2C510069A068 /* hacking-with-swift.pdf in Resources */,
				8C9E8F5F213F2C510069A068 /* practical-ios-11.pdf in Resources */,
				8C9E8F57213F2C510069A068 /* hacking-with-watchos.pdf in Resources */,
				8C9E8F5E213F2C510069A068 /* hacking-with-macos.pdf in Resources */,
				8C9E8F58213F2C510069A068 /* server-side-swift.pdf in Resources */,
				8C9E8F45213F2C0B0069A068 /* LaunchScreen.storyboard in Resources */,
				8C9E8F5A213F2C510069A068 /* hacking-with-tvos.pdf in Resources */,
				8C9E8F61213F2C510069A068 /* objective-c-for-swift-developers.pdf in Resources */,
				8C9E8F42213F2C0B0069A068 /* Assets.xcassets in Resources */,
				8C9E8F5C213F2C510069A068 /* swift-coding-challenges.pdf in Resources */,
				8C9E8F40213F2C090069A068 /* Main.storyboard in Resources */,
				8C9E8F59213F2C510069A068 /* practical-ios-10.pdf in Resources */,
			);
			runOnlyForDeploymentPostprocessing = 0;
		};
/* End PBXResourcesBuildPhase section */

/* Begin PBXSourcesBuildPhase section */
		8C9E8F33213F2C090069A068 /* Sources */ = {
			isa = PBXSourcesBuildPhase;
			buildActionMask = 2147483647;
			files = (
				8C9E8F67214057390069A068 /* SampleWatermark.swift in Sources */,
				8C9E8F3D213F2C090069A068 /* ViewController.swift in Sources */,
				8C9E8F63213F2CB10069A068 /* FilesViewController.swift in Sources */,
				8C9E8F3B213F2C090069A068 /* AppDelegate.swift in Sources */,
			);
			runOnlyForDeploymentPostprocessing = 0;
		};
/* End PBXSourcesBuildPhase section */

/* Begin PBXVariantGroup section */
		8C9E8F3E213F2C090069A068 /* Main.storyboard */ = {
			isa = PBXVariantGroup;
			children = (
				8C9E8F3F213F2C090069A068 /* Base */,
			);
			name = Main.storyboard;
			sourceTree = "<group>";
		};
		8C9E8F43213F2C0B0069A068 /* LaunchScreen.storyboard */ = {
			isa = PBXVariantGroup;
			children = (
				8C9E8F44213F2C0B0069A068 /* Base */,
			);
			name = LaunchScreen.storyboard;
			sourceTree = "<group>";
		};
/* End PBXVariantGroup section */

/* Begin XCBuildConfiguration section */
		8C9E8F47213F2C0B0069A068 /* Debug */ = {
			isa = XCBuildConfiguration;
			buildSettings = {
				ALWAYS_SEARCH_USER_PATHS = NO;
				CLANG_ANALYZER_NONNULL = YES;
				CLANG_ANALYZER_NUMBER_OBJECT_CONVERSION = YES_AGGRESSIVE;
				CLANG_CXX_LANGUAGE_STANDARD = "gnu++14";
				CLANG_CXX_LIBRARY = "libc++";
				CLANG_ENABLE_MODULES = YES;
				CLANG_ENABLE_OBJC_ARC = YES;
				CLANG_ENABLE_OBJC_WEAK = YES;
				CLANG_WARN_BLOCK_CAPTURE_AUTORELEASING = YES;
				CLANG_WARN_BOOL_CONVERSION = YES;
				CLANG_WARN_COMMA = YES;
				CLANG_WARN_CONSTANT_CONVERSION = YES;
				CLANG_WARN_DEPRECATED_OBJC_IMPLEMENTATIONS = YES;
				CLANG_WARN_DIRECT_OBJC_ISA_USAGE = YES_ERROR;
				CLANG_WARN_DOCUMENTATION_COMMENTS = YES;
				CLANG_WARN_EMPTY_BODY = YES;
				CLANG_WARN_ENUM_CONVERSION = YES;
				CLANG_WARN_INFINITE_RECURSION = YES;
				CLANG_WARN_INT_CONVERSION = YES;
				CLANG_WARN_NON_LITERAL_NULL_CONVERSION = YES;
				CLANG_WARN_OBJC_IMPLICIT_RETAIN_SELF = YES;
				CLANG_WARN_OBJC_LITERAL_CONVERSION = YES;
				CLANG_WARN_OBJC_ROOT_CLASS = YES_ERROR;
				CLANG_WARN_RANGE_LOOP_ANALYSIS = YES;
				CLANG_WARN_STRICT_PROTOTYPES = YES;
				CLANG_WARN_SUSPICIOUS_MOVE = YES;
				CLANG_WARN_UNGUARDED_AVAILABILITY = YES_AGGRESSIVE;
				CLANG_WARN_UNREACHABLE_CODE = YES;
				CLANG_WARN__DUPLICATE_METHOD_MATCH = YES;
				CODE_SIGN_IDENTITY = "iPhone Developer";
				COPY_PHASE_STRIP = NO;
				DEBUG_INFORMATION_FORMAT = dwarf;
				ENABLE_STRICT_OBJC_MSGSEND = YES;
				ENABLE_TESTABILITY = YES;
				GCC_C_LANGUAGE_STANDARD = gnu11;
				GCC_DYNAMIC_NO_PIC = NO;
				GCC_NO_COMMON_BLOCKS = YES;
				GCC_OPTIMIZATION_LEVEL = 0;
				GCC_PREPROCESSOR_DEFINITIONS = (
					"DEBUG=1",
					"$(inherited)",
				);
				GCC_WARN_64_TO_32_BIT_CONVERSION = YES;
				GCC_WARN_ABOUT_RETURN_TYPE = YES_ERROR;
				GCC_WARN_UNDECLARED_SELECTOR = YES;
				GCC_WARN_UNINITIALIZED_AUTOS = YES_AGGRESSIVE;
				GCC_WARN_UNUSED_FUNCTION = YES;
				GCC_WARN_UNUSED_VARIABLE = YES;
				IPHONEOS_DEPLOYMENT_TARGET = 11.4;
				MTL_ENABLE_DEBUG_INFO = YES;
				ONLY_ACTIVE_ARCH = YES;
				SDKROOT = iphoneos;
				SWIFT_ACTIVE_COMPILATION_CONDITIONS = DEBUG;
				SWIFT_OPTIMIZATION_LEVEL = "-Onone";
			};
			name = Debug;
		};
		8C9E8F48213F2C0B0069A068 /* Release */ = {
			isa = XCBuildConfiguration;
			buildSettings = {
				ALWAYS_SEARCH_USER_PATHS = NO;
				CLANG_ANALYZER_NONNULL = YES;
				CLANG_ANALYZER_NUMBER_OBJECT_CONVERSION = YES_AGGRESSIVE;
				CLANG_CXX_LANGUAGE_STANDARD = "gnu++14";
				CLANG_CXX_LIBRARY = "libc++";
				CLANG_ENABLE_MODULES = YES;
				CLANG_ENABLE_OBJC_ARC = YES;
				CLANG_ENABLE_OBJC_WEAK = YES;
				CLANG_WARN_BLOCK_CAPTURE_AUTORELEASING = YES;
				CLANG_WARN_BOOL_CONVERSION = YES;
				CLANG_WARN_COMMA = YES;
				CLANG_WARN_CONSTANT_CONVERSION = YES;
				CLANG_WARN_DEPRECATED_OBJC_IMPLEMENTATIONS = YES;
				CLANG_WARN_DIRECT_OBJC_ISA_USAGE = YES_ERROR;
				CLANG_WARN_DOCUMENTATION_COMMENTS = YES;
				CLANG_WARN_EMPTY_BODY = YES;
				CLANG_WARN_ENUM_CONVERSION = YES;
				CLANG_WARN_INFINITE_RECURSION = YES;
				CLANG_WARN_INT_CONVERSION = YES;
				CLANG_WARN_NON_LITERAL_NULL_CONVERSION = YES;
				CLANG_WARN_OBJC_IMPLICIT_RETAIN_SELF = YES;
				CLANG_WARN_OBJC_LITERAL_CONVERSION = YES;
				CLANG_WARN_OBJC_ROOT_CLASS = YES_ERROR;
				CLANG_WARN_RANGE_LOOP_ANALYSIS = YES;
				CLANG_WARN_STRICT_PROTOTYPES = YES;
				CLANG_WARN_SUSPICIOUS_MOVE = YES;
				CLANG_WARN_UNGUARDED_AVAILABILITY = YES_AGGRESSIVE;
				CLANG_WARN_UNREACHABLE_CODE = YES;
				CLANG_WARN__DUPLICATE_METHOD_MATCH = YES;
				CODE_SIGN_IDENTITY = "iPhone Developer";
				COPY_PHASE_STRIP = NO;
				DEBUG_INFORMATION_FORMAT = "dwarf-with-dsym";
				ENABLE_NS_ASSERTIONS = NO;
				ENABLE_STRICT_OBJC_MSGSEND = YES;
				GCC_C_LANGUAGE_STANDARD = gnu11;
				GCC_NO_COMMON_BLOCKS = YES;
				GCC_WARN_64_TO_32_BIT_CONVERSION = YES;
				GCC_WARN_ABOUT_RETURN_TYPE = YES_ERROR;
				GCC_WARN_UNDECLARED_SELECTOR = YES;
				GCC_WARN_UNINITIALIZED_AUTOS = YES_AGGRESSIVE;
				GCC_WARN_UNUSED_FUNCTION = YES;
				GCC_WARN_UNUSED_VARIABLE = YES;
				IPHONEOS_DEPLOYMENT_TARGET = 11.4;
				MTL_ENABLE_DEBUG_INFO = NO;
				SDKROOT = iphoneos;
				SWIFT_COMPILATION_MODE = wholemodule;
				SWIFT_OPTIMIZATION_LEVEL = "-O";
				VALIDATE_PRODUCT = YES;
			};
			name = Release;
		};
		8C9E8F4A213F2C0B0069A068 /* Debug */ = {
			isa = XCBuildConfiguration;
			buildSettings = {
				ASSETCATALOG_COMPILER_APPICON_NAME = AppIcon;
				CODE_SIGN_STYLE = Automatic;
				INFOPLIST_FILE = Project4/Info.plist;
				LD_RUNPATH_SEARCH_PATHS = (
					"$(inherited)",
					"@executable_path/Frameworks",
				);
				PRODUCT_BUNDLE_IDENTIFIER = com.charlesmartinreed.Project4;
				PRODUCT_NAME = "$(TARGET_NAME)";
				SWIFT_VERSION = 4.0;
				TARGETED_DEVICE_FAMILY = "1,2";
			};
			name = Debug;
		};
		8C9E8F4B213F2C0B0069A068 /* Release */ = {
			isa = XCBuildConfiguration;
			buildSettings = {
				ASSETCATALOG_COMPILER_APPICON_NAME = AppIcon;
				CODE_SIGN_STYLE = Automatic;
				INFOPLIST_FILE = Project4/Info.plist;
				LD_RUNPATH_SEARCH_PATHS = (
					"$(inherited)",
					"@executable_path/Frameworks",
				);
				PRODUCT_BUNDLE_IDENTIFIER = com.charlesmartinreed.Project4;
				PRODUCT_NAME = "$(TARGET_NAME)";
				SWIFT_VERSION = 4.0;
				TARGETED_DEVICE_FAMILY = "1,2";
			};
			name = Release;
		};
/* End XCBuildConfiguration section */

/* Begin XCConfigurationList section */
		8C9E8F32213F2C090069A068 /* Build configuration list for PBXProject "Project4" */ = {
			isa = XCConfigurationList;
			buildConfigurations = (
				8C9E8F47213F2C0B0069A068 /* Debug */,
				8C9E8F48213F2C0B0069A068 /* Release */,
			);
			defaultConfigurationIsVisible = 0;
			defaultConfigurationName = Release;
		};
		8C9E8F49213F2C0B0069A068 /* Build configuration list for PBXNativeTarget "Project4" */ = {
			isa = XCConfigurationList;
			buildConfigurations = (
				8C9E8F4A213F2C0B0069A068 /* Debug */,
				8C9E8F4B213F2C0B0069A068 /* Release */,
			);
			defaultConfigurationIsVisible = 0;
			defaultConfigurationName = Release;
		};
/* End XCConfigurationList section */
	};
	rootObject = 8C9E8F2F213F2C090069A068 /* Project object */;
}
